
Microsoft Visual Studio Solution File, Format Version 12.00
# Visual Studio 15
VisualStudioVersion = 15.0.28010.2026
MinimumVisualStudioVersion = 10.0.40219.1
Project("{F184B08F-C81C-45F6-A57F-5ABD9991F28F}") = "merciKiezen", "merciKiezen\merciKiezen.vbproj", "{3DB814E9-9EA2-4140-8D2A-E4E2B045DFBB}"
EndProject
Global
	GlobalSection(SolutionConfigurationPlatforms) = preSolution
		Debug|Any CPU = Debug|Any CPU
		Release|Any CPU = Release|Any CPU
	EndGlobalSection
	GlobalSection(ProjectConfigurationPlatforms) = postSolution
		{3DB814E9-9EA2-4140-8D2A-E4E2B045DFBB}.Debug|Any CPU.ActiveCfg = Debug|Any CPU
		{3DB814E9-9EA2-4140-8D2A-E4E2B045DFBB}.Debug|Any CPU.Build.0 = Debug|Any CPU
		{3DB814E9-9EA2-4140-8D2A-E4E2B045DFBB}.Release|Any CPU.ActiveCfg = Release|Any CPU
		{3DB814E9-9EA2-4140-8D2A-E4E2B045DFBB}.Release|Any CPU.Build.0 = Release|Any CPU
	EndGlobalSection
	GlobalSection(SolutionProperties) = preSolution
		HideSolutionNode = FALSE
	EndGlobalSection
	GlobalSection(ExtensibilityGlobals) = postSolution
		SolutionGuid = {BDF30642-C500-488F-BBEF-BC9DB9882E75}
	EndGlobalSection
EndGlobal
